// !$*UTF8*$!
{
	archiveVersion = 1;
	classes = {
	};
	objectVersion = 56;
	objects = {

/* Begin PBXBuildFile section */
		799C7BE12A836F0F0099098C /* AppDelegate.swift in Sources */ = {isa = PBXBuildFile; fileRef = 799C7BE02A836F0F0099098C /* AppDelegate.swift */; };
		799C7BE32A836F0F0099098C /* SceneDelegate.swift in Sources */ = {isa = PBXBuildFile; fileRef = 799C7BE22A836F0F0099098C /* SceneDelegate.swift */; };
		799C7BE52A836F0F0099098C /* Anasayfa.swift in Sources */ = {isa = PBXBuildFile; fileRef = 799C7BE42A836F0F0099098C /* Anasayfa.swift */; };
		799C7BE82A836F0F0099098C /* Main.storyboard in Resources */ = {isa = PBXBuildFile; fileRef = 799C7BE62A836F0F0099098C /* Main.storyboard */; };
		799C7BEA2A836F100099098C /* Assets.xcassets in Resources */ = {isa = PBXBuildFile; fileRef = 799C7BE92A836F100099098C /* Assets.xcassets */; };
		799C7BED2A836F100099098C /* LaunchScreen.storyboard in Resources */ = {isa = PBXBuildFile; fileRef = 799C7BEB2A836F100099098C /* LaunchScreen.storyboard */; };
		799C7BFA2A836FDA0099098C /* Filmler.swift in Sources */ = {isa = PBXBuildFile; fileRef = 799C7BF92A836FDA0099098C /* Filmler.swift */; };
		799C7BFC2A8370470099098C /* DetaySayfa.swift in Sources */ = {isa = PBXBuildFile; fileRef = 799C7BFB2A8370470099098C /* DetaySayfa.swift */; };
		799C7BFE2A8371790099098C /* FilmlerHucre.swift in Sources */ = {isa = PBXBuildFile; fileRef = 799C7BFD2A8371790099098C /* FilmlerHucre.swift */; };
		799C7C752A83AB000099098C /* RxSwift in Frameworks */ = {isa = PBXBuildFile; productRef = 799C7C742A83AB000099098C /* RxSwift */; };
		799C7C782A83AB260099098C /* FilmlerDaoRepository.swift in Sources */ = {isa = PBXBuildFile; fileRef = 799C7C772A83AB260099098C /* FilmlerDaoRepository.swift */; };
		799C7C7B2A83AB510099098C /* AnasayfaViewModel.swift in Sources */ = {isa = PBXBuildFile; fileRef = 799C7C7A2A83AB510099098C /* AnasayfaViewModel.swift */; };
/* End PBXBuildFile section */

/* Begin PBXFileReference section */
		799C7BDD2A836F0F0099098C /* FilmlerApp.app */ = {isa = PBXFileReference; explicitFileType = wrapper.application; includeInIndex = 0; path = FilmlerApp.app; sourceTree = BUILT_PRODUCTS_DIR; };
		799C7BE02A836F0F0099098C /* AppDelegate.swift */ = {isa = PBXFileReference; lastKnownFileType = sourcecode.swift; path = AppDelegate.swift; sourceTree = "<group>"; };
		799C7BE22A836F0F0099098C /* SceneDelegate.swift */ = {isa = PBXFileReference; lastKnownFileType = sourcecode.swift; path = SceneDelegate.swift; sourceTree = "<group>"; };
		799C7BE42A836F0F0099098C /* Anasayfa.swift */ = {isa = PBXFileReference; lastKnownFileType = sourcecode.swift; path = Anasayfa.swift; sourceTree = "<group>"; };
		799C7BE72A836F0F0099098C /* Base */ = {isa = PBXFileReference; lastKnownFileType = file.storyboard; name = Base; path = Base.lproj/Main.storyboard; sourceTree = "<group>"; };
		799C7BE92A836F100099098C /* Assets.xcassets */ = {isa = PBXFileReference; lastKnownFileType = folder.assetcatalog; path = Assets.xcassets; sourceTree = "<group>"; };
		799C7BEC2A836F100099098C /* Base */ = {isa = PBXFileReference; lastKnownFileType = file.storyboard; name = Base; path = Base.lproj/LaunchScreen.storyboard; sourceTree = "<group>"; };
		799C7BEE2A836F100099098C /* Info.plist */ = {isa = PBXFileReference; lastKnownFileType = text.plist.xml; path = Info.plist; sourceTree = "<group>"; };
		799C7BF92A836FDA0099098C /* Filmler.swift */ = {isa = PBXFileReference; lastKnownFileType = sourcecode.swift; path = Filmler.swift; sourceTree = "<group>"; };
		799C7BFB2A8370470099098C /* DetaySayfa.swift */ = {isa = PBXFileReference; lastKnownFileType = sourcecode.swift; path = DetaySayfa.swift; sourceTree = "<group>"; };
		799C7BFD2A8371790099098C /* FilmlerHucre.swift */ = {isa = PBXFileReference; lastKnownFileType = sourcecode.swift; path = FilmlerHucre.swift; sourceTree = "<group>"; };
		799C7C772A83AB260099098C /* FilmlerDaoRepository.swift */ = {isa = PBXFileReference; lastKnownFileType = sourcecode.swift; path = FilmlerDaoRepository.swift; sourceTree = "<group>"; };
		799C7C7A2A83AB510099098C /* AnasayfaViewModel.swift */ = {isa = PBXFileReference; lastKnownFileType = sourcecode.swift; path = AnasayfaViewModel.swift; sourceTree = "<group>"; };
/* End PBXFileReference section */

/* Begin PBXFrameworksBuildPhase section */
		799C7BDA2A836F0F0099098C /* Frameworks */ = {
			isa = PBXFrameworksBuildPhase;
			buildActionMask = 2147483647;
			files = (
				799C7C752A83AB000099098C /* RxSwift in Frameworks */,
			);
			runOnlyForDeploymentPostprocessing = 0;
		};
/* End PBXFrameworksBuildPhase section */

/* Begin PBXGroup section */
		799C7BD42A836F0F0099098C = {
			isa = PBXGroup;
			children = (
				799C7BDF2A836F0F0099098C /* FilmlerApp */,
				799C7BDE2A836F0F0099098C /* Products */,
			);
			sourceTree = "<group>";
		};
		799C7BDE2A836F0F0099098C /* Products */ = {
			isa = PBXGroup;
			children = (
				799C7BDD2A836F0F0099098C /* FilmlerApp.app */,
			);
			name = Products;
			sourceTree = "<group>";
		};
		799C7BDF2A836F0F0099098C /* FilmlerApp */ = {
			isa = PBXGroup;
			children = (
				799C7BE02A836F0F0099098C /* AppDelegate.swift */,
				799C7BE22A836F0F0099098C /* SceneDelegate.swift */,
				799C7BF52A836F670099098C /* ui */,
				799C7BF42A836F4B0099098C /* data */,
				799C7BE62A836F0F0099098C /* Main.storyboard */,
				799C7BE92A836F100099098C /* Assets.xcassets */,
				799C7BEB2A836F100099098C /* LaunchScreen.storyboard */,
				799C7BEE2A836F100099098C /* Info.plist */,
			);
			path = FilmlerApp;
			sourceTree = "<group>";
		};
		799C7BF42A836F4B0099098C /* data */ = {
			isa = PBXGroup;
			children = (
				799C7C762A83AB080099098C /* repo */,
				799C7BF72A836F7A0099098C /* entity */,
			);
			path = data;
			sourceTree = "<group>";
		};
		799C7BF52A836F670099098C /* ui */ = {
			isa = PBXGroup;
			children = (
				799C7C792A83AB3E0099098C /* viewmodel */,
				799C7BF82A836F8D0099098C /* tableview */,
				799C7BF62A836F6E0099098C /* views */,
			);
			path = ui;
			sourceTree = "<group>";
		};
		799C7BF62A836F6E0099098C /* views */ = {
			isa = PBXGroup;
			children = (
				799C7BE42A836F0F0099098C /* Anasayfa.swift */,
				799C7BFB2A8370470099098C /* DetaySayfa.swift */,
			);
			path = views;
			sourceTree = "<group>";
		};
		799C7BF72A836F7A0099098C /* entity */ = {
			isa = PBXGroup;
			children = (
				799C7BF92A836FDA0099098C /* Filmler.swift */,
			);
			path = entity;
			sourceTree = "<group>";
		};
		799C7BF82A836F8D0099098C /* tableview */ = {
			isa = PBXGroup;
			children = (
				799C7BFD2A8371790099098C /* FilmlerHucre.swift */,
			);
			path = tableview;
			sourceTree = "<group>";
		};
		799C7C762A83AB080099098C /* repo */ = {
			isa = PBXGroup;
			children = (
				799C7C772A83AB260099098C /* FilmlerDaoRepository.swift */,
			);
			path = repo;
			sourceTree = "<group>";
		};
		799C7C792A83AB3E0099098C /* viewmodel */ = {
			isa = PBXGroup;
			children = (
				799C7C7A2A83AB510099098C /* AnasayfaViewModel.swift */,
			);
			path = viewmodel;
			sourceTree = "<group>";
		};
/* End PBXGroup section */

/* Begin PBXNativeTarget section */
		799C7BDC2A836F0F0099098C /* FilmlerApp */ = {
			isa = PBXNativeTarget;
			buildConfigurationList = 799C7BF12A836F100099098C /* Build configuration list for PBXNativeTarget "FilmlerApp" */;
			buildPhases = (
				799C7BD92A836F0F0099098C /* Sources */,
				799C7BDA2A836F0F0099098C /* Frameworks */,
				799C7BDB2A836F0F0099098C /* Resources */,
			);
			buildRules = (
			);
			dependencies = (
			);
			name = FilmlerApp;
			packageProductDependencies = (
				799C7C742A83AB000099098C /* RxSwift */,
			);
			productName = FilmlerApp;
			productReference = 799C7BDD2A836F0F0099098C /* FilmlerApp.app */;
			productType = "com.apple.product-type.application";
		};
/* End PBXNativeTarget section */

/* Begin PBXProject section */
		799C7BD52A836F0F0099098C /* Project object */ = {
			isa = PBXProject;
			attributes = {
				BuildIndependentTargetsInParallel = 1;
				LastSwiftUpdateCheck = 1420;
				LastUpgradeCheck = 1420;
				TargetAttributes = {
					799C7BDC2A836F0F0099098C = {
						CreatedOnToolsVersion = 14.2;
					};
				};
			};
			buildConfigurationList = 799C7BD82A836F0F0099098C /* Build configuration list for PBXProject "FilmlerApp" */;
			compatibilityVersion = "Xcode 14.0";
			developmentRegion = en;
			hasScannedForEncodings = 0;
			knownRegions = (
				en,
				Base,
			);
			mainGroup = 799C7BD42A836F0F0099098C;
			packageReferences = (
				799C7C732A83AB000099098C /* XCRemoteSwiftPackageReference "RxSwift" */,
			);
			productRefGroup = 799C7BDE2A836F0F0099098C /* Products */;
			projectDirPath = "";
			projectRoot = "";
			targets = (
				799C7BDC2A836F0F0099098C /* FilmlerApp */,
			);
		};
/* End PBXProject section */

/* Begin PBXResourcesBuildPhase section */
		799C7BDB2A836F0F0099098C /* Resources */ = {
			isa = PBXResourcesBuildPhase;
			buildActionMask = 2147483647;
			files = (
				799C7BED2A836F100099098C /* LaunchScreen.storyboard in Resources */,
				799C7BEA2A836F100099098C /* Assets.xcassets in Resources */,
				799C7BE82A836F0F0099098C /* Main.storyboard in Resources */,
			);
			runOnlyForDeploymentPostprocessing = 0;
		};
/* End PBXResourcesBuildPhase section */

/* Begin PBXSourcesBuildPhase section */
		799C7BD92A836F0F0099098C /* Sources */ = {
			isa = PBXSourcesBuildPhase;
			buildActionMask = 2147483647;
			files = (
				799C7BE52A836F0F0099098C /* Anasayfa.swift in Sources */,
				799C7BE12A836F0F0099098C /* AppDelegate.swift in Sources */,
				799C7C7B2A83AB510099098C /* AnasayfaViewModel.swift in Sources */,
				799C7BE32A836F0F0099098C /* SceneDelegate.swift in Sources */,
				799C7BFC2A8370470099098C /* DetaySayfa.swift in Sources */,
				799C7BFA2A836FDA0099098C /* Filmler.swift in Sources */,
				799C7BFE2A8371790099098C /* FilmlerHucre.swift in Sources */,
				799C7C782A83AB260099098C /* FilmlerDaoRepository.swift in Sources */,
			);
			runOnlyForDeploymentPostprocessing = 0;
		};
/* End PBXSourcesBuildPhase section */

/* Begin PBXVariantGroup section */
		799C7BE62A836F0F0099098C /* Main.storyboard */ = {
			isa = PBXVariantGroup;
			children = (
				799C7BE72A836F0F0099098C /* Base */,
			);
			name = Main.storyboard;
			sourceTree = "<group>";
		};
		799C7BEB2A836F100099098C /* LaunchScreen.storyboard */ = {
			isa = PBXVariantGroup;
			children = (
				799C7BEC2A836F100099098C /* Base */,
			);
			name = LaunchScreen.storyboard;
			sourceTree = "<group>";
		};
/* End PBXVariantGroup section */

/* Begin XCBuildConfiguration section */
		799C7BEF2A836F100099098C /* Debug */ = {
			isa = XCBuildConfiguration;
			buildSettings = {
				ALWAYS_SEARCH_USER_PATHS = NO;
				CLANG_ANALYZER_NONNULL = YES;
				CLANG_ANALYZER_NUMBER_OBJECT_CONVERSION = YES_AGGRESSIVE;
				CLANG_CXX_LANGUAGE_STANDARD = "gnu++20";
				CLANG_ENABLE_MODULES = YES;
				CLANG_ENABLE_OBJC_ARC = YES;
				CLANG_ENABLE_OBJC_WEAK = YES;
				CLANG_WARN_BLOCK_CAPTURE_AUTORELEASING = YES;
				CLANG_WARN_BOOL_CONVERSION = YES;
				CLANG_WARN_COMMA = YES;
				CLANG_WARN_CONSTANT_CONVERSION = YES;
				CLANG_WARN_DEPRECATED_OBJC_IMPLEMENTATIONS = YES;
				CLANG_WARN_DIRECT_OBJC_ISA_USAGE = YES_ERROR;
				CLANG_WARN_DOCUMENTATION_COMMENTS = YES;
				CLANG_WARN_EMPTY_BODY = YES;
				CLANG_WARN_ENUM_CONVERSION = YES;
				CLANG_WARN_INFINITE_RECURSION = YES;
				CLANG_WARN_INT_CONVERSION = YES;
				CLANG_WARN_NON_LITERAL_NULL_CONVERSION = YES;
				CLANG_WARN_OBJC_IMPLICIT_RETAIN_SELF = YES;
				CLANG_WARN_OBJC_LITERAL_CONVERSION = YES;
				CLANG_WARN_OBJC_ROOT_CLASS = YES_ERROR;
				CLANG_WARN_QUOTED_INCLUDE_IN_FRAMEWORK_HEADER = YES;
				CLANG_WARN_RANGE_LOOP_ANALYSIS = YES;
				CLANG_WARN_STRICT_PROTOTYPES = YES;
				CLANG_WARN_SUSPICIOUS_MOVE = YES;
				CLANG_WARN_UNGUARDED_AVAILABILITY = YES_AGGRESSIVE;
				CLANG_WARN_UNREACHABLE_CODE = YES;
				CLANG_WARN__DUPLICATE_METHOD_MATCH = YES;
				COPY_PHASE_STRIP = NO;
				DEBUG_INFORMATION_FORMAT = dwarf;
				ENABLE_STRICT_OBJC_MSGSEND = YES;
				ENABLE_TESTABILITY = YES;
				GCC_C_LANGUAGE_STANDARD = gnu11;
				GCC_DYNAMIC_NO_PIC = NO;
				GCC_NO_COMMON_BLOCKS = YES;
				GCC_OPTIMIZATION_LEVEL = 0;
				GCC_PREPROCESSOR_DEFINITIONS = (
					"DEBUG=1",
					"$(inherited)",
				);
				GCC_WARN_64_TO_32_BIT_CONVERSION = YES;
				GCC_WARN_ABOUT_RETURN_TYPE = YES_ERROR;
				GCC_WARN_UNDECLARED_SELECTOR = YES;
				GCC_WARN_UNINITIALIZED_AUTOS = YES_AGGRESSIVE;
				GCC_WARN_UNUSED_FUNCTION = YES;
				GCC_WARN_UNUSED_VARIABLE = YES;
				IPHONEOS_DEPLOYMENT_TARGET = 16.2;
				MTL_ENABLE_DEBUG_INFO = INCLUDE_SOURCE;
				MTL_FAST_MATH = YES;
				ONLY_ACTIVE_ARCH = YES;
				SDKROOT = iphoneos;
				SWIFT_ACTIVE_COMPILATION_CONDITIONS = DEBUG;
				SWIFT_OPTIMIZATION_LEVEL = "-Onone";
			};
			name = Debug;
		};
		799C7BF02A836F100099098C /* Release */ = {
			isa = XCBuildConfiguration;
			buildSettings = {
				ALWAYS_SEARCH_USER_PATHS = NO;
				CLANG_ANALYZER_NONNULL = YES;
				CLANG_ANALYZER_NUMBER_OBJECT_CONVERSION = YES_AGGRESSIVE;
				CLANG_CXX_LANGUAGE_STANDARD = "gnu++20";
				CLANG_ENABLE_MODULES = YES;
				CLANG_ENABLE_OBJC_ARC = YES;
				CLANG_ENABLE_OBJC_WEAK = YES;
				CLANG_WARN_BLOCK_CAPTURE_AUTORELEASING = YES;
				CLANG_WARN_BOOL_CONVERSION = YES;
				CLANG_WARN_COMMA = YES;
				CLANG_WARN_CONSTANT_CONVERSION = YES;
				CLANG_WARN_DEPRECATED_OBJC_IMPLEMENTATIONS = YES;
				CLANG_WARN_DIRECT_OBJC_ISA_USAGE = YES_ERROR;
				CLANG_WARN_DOCUMENTATION_COMMENTS = YES;
				CLANG_WARN_EMPTY_BODY = YES;
				CLANG_WARN_ENUM_CONVERSION = YES;
				CLANG_WARN_INFINITE_RECURSION = YES;
				CLANG_WARN_INT_CONVERSION = YES;
				CLANG_WARN_NON_LITERAL_NULL_CONVERSION = YES;
				CLANG_WARN_OBJC_IMPLICIT_RETAIN_SELF = YES;
				CLANG_WARN_OBJC_LITERAL_CONVERSION = YES;
				CLANG_WARN_OBJC_ROOT_CLASS = YES_ERROR;
				CLANG_WARN_QUOTED_INCLUDE_IN_FRAMEWORK_HEADER = YES;
				CLANG_WARN_RANGE_LOOP_ANALYSIS = YES;
				CLANG_WARN_STRICT_PROTOTYPES = YES;
				CLANG_WARN_SUSPICIOUS_MOVE = YES;
				CLANG_WARN_UNGUARDED_AVAILABILITY = YES_AGGRESSIVE;
				CLANG_WARN_UNREACHABLE_CODE = YES;
				CLANG_WARN__DUPLICATE_METHOD_MATCH = YES;
				COPY_PHASE_STRIP = NO;
				DEBUG_INFORMATION_FORMAT = "dwarf-with-dsym";
				ENABLE_NS_ASSERTIONS = NO;
				ENABLE_STRICT_OBJC_MSGSEND = YES;
				GCC_C_LANGUAGE_STANDARD = gnu11;
				GCC_NO_COMMON_BLOCKS = YES;
				GCC_WARN_64_TO_32_BIT_CONVERSION = YES;
				GCC_WARN_ABOUT_RETURN_TYPE = YES_ERROR;
				GCC_WARN_UNDECLARED_SELECTOR = YES;
				GCC_WARN_UNINITIALIZED_AUTOS = YES_AGGRESSIVE;
				GCC_WARN_UNUSED_FUNCTION = YES;
				GCC_WARN_UNUSED_VARIABLE = YES;
				IPHONEOS_DEPLOYMENT_TARGET = 16.2;
				MTL_ENABLE_DEBUG_INFO = NO;
				MTL_FAST_MATH = YES;
				SDKROOT = iphoneos;
				SWIFT_COMPILATION_MODE = wholemodule;
				SWIFT_OPTIMIZATION_LEVEL = "-O";
				VALIDATE_PRODUCT = YES;
			};
			name = Release;
		};
		799C7BF22A836F100099098C /* Debug */ = {
			isa = XCBuildConfiguration;
			buildSettings = {
				ASSETCATALOG_COMPILER_APPICON_NAME = AppIcon;
				ASSETCATALOG_COMPILER_GLOBAL_ACCENT_COLOR_NAME = AccentColor;
				CODE_SIGN_STYLE = Automatic;
				CURRENT_PROJECT_VERSION = 1;
				GENERATE_INFOPLIST_FILE = YES;
				INFOPLIST_FILE = FilmlerApp/Info.plist;
				INFOPLIST_KEY_UIApplicationSupportsIndirectInputEvents = YES;
				INFOPLIST_KEY_UILaunchStoryboardName = LaunchScreen;
				INFOPLIST_KEY_UIMainStoryboardFile = Main;
				INFOPLIST_KEY_UISupportedInterfaceOrientations_iPad = "UIInterfaceOrientationPortrait UIInterfaceOrientationPortraitUpsideDown UIInterfaceOrientationLandscapeLeft UIInterfaceOrientationLandscapeRight";
				INFOPLIST_KEY_UISupportedInterfaceOrientations_iPhone = "UIInterfaceOrientationPortrait UIInterfaceOrientationLandscapeLeft UIInterfaceOrientationLandscapeRight";
				LD_RUNPATH_SEARCH_PATHS = (
					"$(inherited)",
					"@executable_path/Frameworks",
				);
				MARKETING_VERSION = 1.0;
				PRODUCT_BUNDLE_IDENTIFIER = com.info.FilmlerApp;
				PRODUCT_NAME = "$(TARGET_NAME)";
				SWIFT_EMIT_LOC_STRINGS = YES;
				SWIFT_VERSION = 5.0;
				TARGETED_DEVICE_FAMILY = "1,2";
			};
			name = Debug;
		};
		799C7BF32A836F100099098C /* Release */ = {
			isa = XCBuildConfiguration;
			buildSettings = {
				ASSETCATALOG_COMPILER_APPICON_NAME = AppIcon;
				ASSETCATALOG_COMPILER_GLOBAL_ACCENT_COLOR_NAME = AccentColor;
				CODE_SIGN_STYLE = Automatic;
				CURRENT_PROJECT_VERSION = 1;
				GENERATE_INFOPLIST_FILE = YES;
				INFOPLIST_FILE = FilmlerApp/Info.plist;
				INFOPLIST_KEY_UIApplicationSupportsIndirectInputEvents = YES;
				INFOPLIST_KEY_UILaunchStoryboardName = LaunchScreen;
				INFOPLIST_KEY_UIMainStoryboardFile = Main;
				INFOPLIST_KEY_UISupportedInterfaceOrientations_iPad = "UIInterfaceOrientationPortrait UIInterfaceOrientationPortraitUpsideDown UIInterfaceOrientationLandscapeLeft UIInterfaceOrientationLandscapeRight";
				INFOPLIST_KEY_UISupportedInterfaceOrientations_iPhone = "UIInterfaceOrientationPortrait UIInterfaceOrientationLandscapeLeft UIInterfaceOrientationLandscapeRight";
				LD_RUNPATH_SEARCH_PATHS = (
					"$(inherited)",
					"@executable_path/Frameworks",
				);
				MARKETING_VERSION = 1.0;
				PRODUCT_BUNDLE_IDENTIFIER = com.info.FilmlerApp;
				PRODUCT_NAME = "$(TARGET_NAME)";
				SWIFT_EMIT_LOC_STRINGS = YES;
				SWIFT_VERSION = 5.0;
				TARGETED_DEVICE_FAMILY = "1,2";
			};
			name = Release;
		};
/* End XCBuildConfiguration section */

/* Begin XCConfigurationList section */
		799C7BD82A836F0F0099098C /* Build configuration list for PBXProject "FilmlerApp" */ = {
			isa = XCConfigurationList;
			buildConfigurations = (
				799C7BEF2A836F100099098C /* Debug */,
				799C7BF02A836F100099098C /* Release */,
			);
			defaultConfigurationIsVisible = 0;
			defaultConfigurationName = Release;
		};
		799C7BF12A836F100099098C /* Build configuration list for PBXNativeTarget "FilmlerApp" */ = {
			isa = XCConfigurationList;
			buildConfigurations = (
				799C7BF22A836F100099098C /* Debug */,
				799C7BF32A836F100099098C /* Release */,
			);
			defaultConfigurationIsVisible = 0;
			defaultConfigurationName = Release;
		};
/* End XCConfigurationList section */

/* Begin XCRemoteSwiftPackageReference section */
		799C7C732A83AB000099098C /* XCRemoteSwiftPackageReference "RxSwift" */ = {
			isa = XCRemoteSwiftPackageReference;
			repositoryURL = "https://github.com/ReactiveX/RxSwift.git";
			requirement = {
				branch = main;
				kind = branch;
			};
		};
/* End XCRemoteSwiftPackageReference section */

/* Begin XCSwiftPackageProductDependency section */
		799C7C742A83AB000099098C /* RxSwift */ = {
			isa = XCSwiftPackageProductDependency;
			package = 799C7C732A83AB000099098C /* XCRemoteSwiftPackageReference "RxSwift" */;
			productName = RxSwift;
		};
/* End XCSwiftPackageProductDependency section */
	};
	rootObject = 799C7BD52A836F0F0099098C /* Project object */;
}
