{
  "originHash" : "87bc79fcccc55ce355a01b2e68fcd580a18765a117cbee40f0c77cddde507f26",
  "pins" : [
    {
      "identity" : "rxswift",
      "kind" : "remoteSourceControl",
      "location" : "https://github.com/ReactiveX/RxSwift.git",
      "state" : {
        "branch" : "main",
        "revision" : "5c3222c37a5c6064d66762aca140a8748c56d2ac"
      }
    }
  ],
  "version" : 3
}
