// !$*UTF8*$!
{
	archiveVersion = 1;
	classes = {
	};
	objectVersion = 56;
	objects = {

/* Begin PBXBuildFile section */
		8C68A3822C7F3B2300AC5F38 /* AppDelegate.swift in Sources */ = {isa = PBXBuildFile; fileRef = 8C68A3812C7F3B2300AC5F38 /* AppDelegate.swift */; };
		8C68A3842C7F3B2300AC5F38 /* SceneDelegate.swift in Sources */ = {isa = PBXBuildFile; fileRef = 8C68A3832C7F3B2300AC5F38 /* SceneDelegate.swift */; };
		8C68A3862C7F3B2300AC5F38 /* Anasayfa.swift in Sources */ = {isa = PBXBuildFile; fileRef = 8C68A3852C7F3B2300AC5F38 /* Anasayfa.swift */; };
		8C68A3892C7F3B2300AC5F38 /* Base in Resources */ = {isa = PBXBuildFile; fileRef = 8C68A3882C7F3B2300AC5F38 /* Base */; };
		8C68A38B2C7F3B2500AC5F38 /* Assets.xcassets in Resources */ = {isa = PBXBuildFile; fileRef = 8C68A38A2C7F3B2500AC5F38 /* Assets.xcassets */; };
		8C68A38E2C7F3B2500AC5F38 /* Base in Resources */ = {isa = PBXBuildFile; fileRef = 8C68A38D2C7F3B2500AC5F38 /* Base */; };
		8C68A3BA2C7F4B7C00AC5F38 /* KisiKayit.swift in Sources */ = {isa = PBXBuildFile; fileRef = 8C68A3B92C7F4B7C00AC5F38 /* KisiKayit.swift */; };
		8C68A3BC2C7F4BA100AC5F38 /* KisiDetay.swift in Sources */ = {isa = PBXBuildFile; fileRef = 8C68A3BB2C7F4BA100AC5F38 /* KisiDetay.swift */; };
		8C68A3BE2C7F4CD000AC5F38 /* Kisiler.swift in Sources */ = {isa = PBXBuildFile; fileRef = 8C68A3BD2C7F4CD000AC5F38 /* Kisiler.swift */; };
		8C68A3C12C7F9C3200AC5F38 /* KisilerHucre.swift in Sources */ = {isa = PBXBuildFile; fileRef = 8C68A3C02C7F9C3200AC5F38 /* KisilerHucre.swift */; };
/* End PBXBuildFile section */

/* Begin PBXFileReference section */
		8C68A37E2C7F3B2300AC5F38 /* KisilerUygulamasi.app */ = {isa = PBXFileReference; explicitFileType = wrapper.application; includeInIndex = 0; path = KisilerUygulamasi.app; sourceTree = BUILT_PRODUCTS_DIR; };
		8C68A3812C7F3B2300AC5F38 /* AppDelegate.swift */ = {isa = PBXFileReference; lastKnownFileType = sourcecode.swift; path = AppDelegate.swift; sourceTree = "<group>"; };
		8C68A3832C7F3B2300AC5F38 /* SceneDelegate.swift */ = {isa = PBXFileReference; lastKnownFileType = sourcecode.swift; path = SceneDelegate.swift; sourceTree = "<group>"; };
		8C68A3852C7F3B2300AC5F38 /* Anasayfa.swift */ = {isa = PBXFileReference; lastKnownFileType = sourcecode.swift; path = Anasayfa.swift; sourceTree = "<group>"; };
		8C68A3882C7F3B2300AC5F38 /* Base */ = {isa = PBXFileReference; lastKnownFileType = file.storyboard; name = Base; path = Base.lproj/Main.storyboard; sourceTree = "<group>"; };
		8C68A38A2C7F3B2500AC5F38 /* Assets.xcassets */ = {isa = PBXFileReference; lastKnownFileType = folder.assetcatalog; path = Assets.xcassets; sourceTree = "<group>"; };
		8C68A38D2C7F3B2500AC5F38 /* Base */ = {isa = PBXFileReference; lastKnownFileType = file.storyboard; name = Base; path = Base.lproj/LaunchScreen.storyboard; sourceTree = "<group>"; };
		8C68A38F2C7F3B2500AC5F38 /* Info.plist */ = {isa = PBXFileReference; lastKnownFileType = text.plist.xml; path = Info.plist; sourceTree = "<group>"; };
		8C68A3B92C7F4B7C00AC5F38 /* KisiKayit.swift */ = {isa = PBXFileReference; lastKnownFileType = sourcecode.swift; path = KisiKayit.swift; sourceTree = "<group>"; };
		8C68A3BB2C7F4BA100AC5F38 /* KisiDetay.swift */ = {isa = PBXFileReference; lastKnownFileType = sourcecode.swift; path = KisiDetay.swift; sourceTree = "<group>"; };
		8C68A3BD2C7F4CD000AC5F38 /* Kisiler.swift */ = {isa = PBXFileReference; lastKnownFileType = sourcecode.swift; path = Kisiler.swift; sourceTree = "<group>"; };
		8C68A3C02C7F9C3200AC5F38 /* KisilerHucre.swift */ = {isa = PBXFileReference; lastKnownFileType = sourcecode.swift; path = KisilerHucre.swift; sourceTree = "<group>"; };
/* End PBXFileReference section */

/* Begin PBXFrameworksBuildPhase section */
		8C68A37B2C7F3B2300AC5F38 /* Frameworks */ = {
			isa = PBXFrameworksBuildPhase;
			buildActionMask = 2147483647;
			files = (
			);
			runOnlyForDeploymentPostprocessing = 0;
		};
/* End PBXFrameworksBuildPhase section */

/* Begin PBXGroup section */
		8C68A3752C7F3B2300AC5F38 = {
			isa = PBXGroup;
			children = (
				8C68A3802C7F3B2300AC5F38 /* KisilerUygulamasi */,
				8C68A37F2C7F3B2300AC5F38 /* Products */,
			);
			sourceTree = "<group>";
		};
		8C68A37F2C7F3B2300AC5F38 /* Products */ = {
			isa = PBXGroup;
			children = (
				8C68A37E2C7F3B2300AC5F38 /* KisilerUygulamasi.app */,
			);
			name = Products;
			sourceTree = "<group>";
		};
		8C68A3802C7F3B2300AC5F38 /* KisilerUygulamasi */ = {
			isa = PBXGroup;
			children = (
				8C68A3812C7F3B2300AC5F38 /* AppDelegate.swift */,
				8C68A3832C7F3B2300AC5F38 /* SceneDelegate.swift */,
				8C68A3B62C7F4AAD00AC5F38 /* ui */,
				8C68A3B52C7F4A9C00AC5F38 /* data */,
				8C68A3872C7F3B2300AC5F38 /* Main.storyboard */,
				8C68A38A2C7F3B2500AC5F38 /* Assets.xcassets */,
				8C68A38C2C7F3B2500AC5F38 /* LaunchScreen.storyboard */,
				8C68A38F2C7F3B2500AC5F38 /* Info.plist */,
			);
			path = KisilerUygulamasi;
			sourceTree = "<group>";
		};
		8C68A3B52C7F4A9C00AC5F38 /* data */ = {
			isa = PBXGroup;
			children = (
				8C68A3B72C7F4ADB00AC5F38 /* entity */,
			);
			path = data;
			sourceTree = "<group>";
		};
		8C68A3B62C7F4AAD00AC5F38 /* ui */ = {
			isa = PBXGroup;
			children = (
				8C68A3BF2C7F9BE200AC5F38 /* tableview */,
				8C68A3B82C7F4AEF00AC5F38 /* views */,
			);
			path = ui;
			sourceTree = "<group>";
		};
		8C68A3B72C7F4ADB00AC5F38 /* entity */ = {
			isa = PBXGroup;
			children = (
				8C68A3BD2C7F4CD000AC5F38 /* Kisiler.swift */,
			);
			path = entity;
			sourceTree = "<group>";
		};
		8C68A3B82C7F4AEF00AC5F38 /* views */ = {
			isa = PBXGroup;
			children = (
				8C68A3852C7F3B2300AC5F38 /* Anasayfa.swift */,
				8C68A3B92C7F4B7C00AC5F38 /* KisiKayit.swift */,
				8C68A3BB2C7F4BA100AC5F38 /* KisiDetay.swift */,
			);
			path = views;
			sourceTree = "<group>";
		};
		8C68A3BF2C7F9BE200AC5F38 /* tableview */ = {
			isa = PBXGroup;
			children = (
				8C68A3C02C7F9C3200AC5F38 /* KisilerHucre.swift */,
			);
			path = tableview;
			sourceTree = "<group>";
		};
/* End PBXGroup section */

/* Begin PBXNativeTarget section */
		8C68A37D2C7F3B2300AC5F38 /* KisilerUygulamasi */ = {
			isa = PBXNativeTarget;
			buildConfigurationList = 8C68A3922C7F3B2500AC5F38 /* Build configuration list for PBXNativeTarget "KisilerUygulamasi" */;
			buildPhases = (
				8C68A37A2C7F3B2300AC5F38 /* Sources */,
				8C68A37B2C7F3B2300AC5F38 /* Frameworks */,
				8C68A37C2C7F3B2300AC5F38 /* Resources */,
			);
			buildRules = (
			);
			dependencies = (
			);
			name = KisilerUygulamasi;
			productName = KisilerUygulamasi;
			productReference = 8C68A37E2C7F3B2300AC5F38 /* KisilerUygulamasi.app */;
			productType = "com.apple.product-type.application";
		};
/* End PBXNativeTarget section */

/* Begin PBXProject section */
		8C68A3762C7F3B2300AC5F38 /* Project object */ = {
			isa = PBXProject;
			attributes = {
				BuildIndependentTargetsInParallel = 1;
				LastSwiftUpdateCheck = 1540;
				LastUpgradeCheck = 1540;
				TargetAttributes = {
					8C68A37D2C7F3B2300AC5F38 = {
						CreatedOnToolsVersion = 15.4;
					};
				};
			};
			buildConfigurationList = 8C68A3792C7F3B2300AC5F38 /* Build configuration list for PBXProject "KisilerUygulamasi" */;
			compatibilityVersion = "Xcode 14.0";
			developmentRegion = en;
			hasScannedForEncodings = 0;
			knownRegions = (
				en,
				Base,
			);
			mainGroup = 8C68A3752C7F3B2300AC5F38;
			productRefGroup = 8C68A37F2C7F3B2300AC5F38 /* Products */;
			projectDirPath = "";
			projectRoot = "";
			targets = (
				8C68A37D2C7F3B2300AC5F38 /* KisilerUygulamasi */,
			);
		};
/* End PBXProject section */

/* Begin PBXResourcesBuildPhase section */
		8C68A37C2C7F3B2300AC5F38 /* Resources */ = {
			isa = PBXResourcesBuildPhase;
			buildActionMask = 2147483647;
			files = (
				8C68A38B2C7F3B2500AC5F38 /* Assets.xcassets in Resources */,
				8C68A38E2C7F3B2500AC5F38 /* Base in Resources */,
				8C68A3892C7F3B2300AC5F38 /* Base in Resources */,
			);
			runOnlyForDeploymentPostprocessing = 0;
		};
/* End PBXResourcesBuildPhase section */

/* Begin PBXSourcesBuildPhase section */
		8C68A37A2C7F3B2300AC5F38 /* Sources */ = {
			isa = PBXSourcesBuildPhase;
			buildActionMask = 2147483647;
			files = (
				8C68A3BA2C7F4B7C00AC5F38 /* KisiKayit.swift in Sources */,
				8C68A3C12C7F9C3200AC5F38 /* KisilerHucre.swift in Sources */,
				8C68A3BC2C7F4BA100AC5F38 /* KisiDetay.swift in Sources */,
				8C68A3862C7F3B2300AC5F38 /* Anasayfa.swift in Sources */,
				8C68A3822C7F3B2300AC5F38 /* AppDelegate.swift in Sources */,
				8C68A3842C7F3B2300AC5F38 /* SceneDelegate.swift in Sources */,
				8C68A3BE2C7F4CD000AC5F38 /* Kisiler.swift in Sources */,
			);
			runOnlyForDeploymentPostprocessing = 0;
		};
/* End PBXSourcesBuildPhase section */

/* Begin PBXVariantGroup section */
		8C68A3872C7F3B2300AC5F38 /* Main.storyboard */ = {
			isa = PBXVariantGroup;
			children = (
				8C68A3882C7F3B2300AC5F38 /* Base */,
			);
			name = Main.storyboard;
			sourceTree = "<group>";
		};
		8C68A38C2C7F3B2500AC5F38 /* LaunchScreen.storyboard */ = {
			isa = PBXVariantGroup;
			children = (
				8C68A38D2C7F3B2500AC5F38 /* Base */,
			);
			name = LaunchScreen.storyboard;
			sourceTree = "<group>";
		};
/* End PBXVariantGroup section */

/* Begin XCBuildConfiguration section */
		8C68A3902C7F3B2500AC5F38 /* Debug */ = {
			isa = XCBuildConfiguration;
			buildSettings = {
				ALWAYS_SEARCH_USER_PATHS = NO;
				ASSETCATALOG_COMPILER_GENERATE_SWIFT_ASSET_SYMBOL_EXTENSIONS = YES;
				CLANG_ANALYZER_NONNULL = YES;
				CLANG_ANALYZER_NUMBER_OBJECT_CONVERSION = YES_AGGRESSIVE;
				CLANG_CXX_LANGUAGE_STANDARD = "gnu++20";
				CLANG_ENABLE_MODULES = YES;
				CLANG_ENABLE_OBJC_ARC = YES;
				CLANG_ENABLE_OBJC_WEAK = YES;
				CLANG_WARN_BLOCK_CAPTURE_AUTORELEASING = YES;
				CLANG_WARN_BOOL_CONVERSION = YES;
				CLANG_WARN_COMMA = YES;
				CLANG_WARN_CONSTANT_CONVERSION = YES;
				CLANG_WARN_DEPRECATED_OBJC_IMPLEMENTATIONS = YES;
				CLANG_WARN_DIRECT_OBJC_ISA_USAGE = YES_ERROR;
				CLANG_WARN_DOCUMENTATION_COMMENTS = YES;
				CLANG_WARN_EMPTY_BODY = YES;
				CLANG_WARN_ENUM_CONVERSION = YES;
				CLANG_WARN_INFINITE_RECURSION = YES;
				CLANG_WARN_INT_CONVERSION = YES;
				CLANG_WARN_NON_LITERAL_NULL_CONVERSION = YES;
				CLANG_WARN_OBJC_IMPLICIT_RETAIN_SELF = YES;
				CLANG_WARN_OBJC_LITERAL_CONVERSION = YES;
				CLANG_WARN_OBJC_ROOT_CLASS = YES_ERROR;
				CLANG_WARN_QUOTED_INCLUDE_IN_FRAMEWORK_HEADER = YES;
				CLANG_WARN_RANGE_LOOP_ANALYSIS = YES;
				CLANG_WARN_STRICT_PROTOTYPES = YES;
				CLANG_WARN_SUSPICIOUS_MOVE = YES;
				CLANG_WARN_UNGUARDED_AVAILABILITY = YES_AGGRESSIVE;
				CLANG_WARN_UNREACHABLE_CODE = YES;
				CLANG_WARN__DUPLICATE_METHOD_MATCH = YES;
				COPY_PHASE_STRIP = NO;
				DEBUG_INFORMATION_FORMAT = dwarf;
				ENABLE_STRICT_OBJC_MSGSEND = YES;
				ENABLE_TESTABILITY = YES;
				ENABLE_USER_SCRIPT_SANDBOXING = YES;
				GCC_C_LANGUAGE_STANDARD = gnu17;
				GCC_DYNAMIC_NO_PIC = NO;
				GCC_NO_COMMON_BLOCKS = YES;
				GCC_OPTIMIZATION_LEVEL = 0;
				GCC_PREPROCESSOR_DEFINITIONS = (
					"DEBUG=1",
					"$(inherited)",
				);
				GCC_WARN_64_TO_32_BIT_CONVERSION = YES;
				GCC_WARN_ABOUT_RETURN_TYPE = YES_ERROR;
				GCC_WARN_UNDECLARED_SELECTOR = YES;
				GCC_WARN_UNINITIALIZED_AUTOS = YES_AGGRESSIVE;
				GCC_WARN_UNUSED_FUNCTION = YES;
				GCC_WARN_UNUSED_VARIABLE = YES;
				IPHONEOS_DEPLOYMENT_TARGET = 17.5;
				LOCALIZATION_PREFERS_STRING_CATALOGS = YES;
				MTL_ENABLE_DEBUG_INFO = INCLUDE_SOURCE;
				MTL_FAST_MATH = YES;
				ONLY_ACTIVE_ARCH = YES;
				SDKROOT = iphoneos;
				SWIFT_ACTIVE_COMPILATION_CONDITIONS = "DEBUG $(inherited)";
				SWIFT_OPTIMIZATION_LEVEL = "-Onone";
			};
			name = Debug;
		};
		8C68A3912C7F3B2500AC5F38 /* Release */ = {
			isa = XCBuildConfiguration;
			buildSettings = {
				ALWAYS_SEARCH_USER_PATHS = NO;
				ASSETCATALOG_COMPILER_GENERATE_SWIFT_ASSET_SYMBOL_EXTENSIONS = YES;
				CLANG_ANALYZER_NONNULL = YES;
				CLANG_ANALYZER_NUMBER_OBJECT_CONVERSION = YES_AGGRESSIVE;
				CLANG_CXX_LANGUAGE_STANDARD = "gnu++20";
				CLANG_ENABLE_MODULES = YES;
				CLANG_ENABLE_OBJC_ARC = YES;
				CLANG_ENABLE_OBJC_WEAK = YES;
				CLANG_WARN_BLOCK_CAPTURE_AUTORELEASING = YES;
				CLANG_WARN_BOOL_CONVERSION = YES;
				CLANG_WARN_COMMA = YES;
				CLANG_WARN_CONSTANT_CONVERSION = YES;
				CLANG_WARN_DEPRECATED_OBJC_IMPLEMENTATIONS = YES;
				CLANG_WARN_DIRECT_OBJC_ISA_USAGE = YES_ERROR;
				CLANG_WARN_DOCUMENTATION_COMMENTS = YES;
				CLANG_WARN_EMPTY_BODY = YES;
				CLANG_WARN_ENUM_CONVERSION = YES;
				CLANG_WARN_INFINITE_RECURSION = YES;
				CLANG_WARN_INT_CONVERSION = YES;
				CLANG_WARN_NON_LITERAL_NULL_CONVERSION = YES;
				CLANG_WARN_OBJC_IMPLICIT_RETAIN_SELF = YES;
				CLANG_WARN_OBJC_LITERAL_CONVERSION = YES;
				CLANG_WARN_OBJC_ROOT_CLASS = YES_ERROR;
				CLANG_WARN_QUOTED_INCLUDE_IN_FRAMEWORK_HEADER = YES;
				CLANG_WARN_RANGE_LOOP_ANALYSIS = YES;
				CLANG_WARN_STRICT_PROTOTYPES = YES;
				CLANG_WARN_SUSPICIOUS_MOVE = YES;
				CLANG_WARN_UNGUARDED_AVAILABILITY = YES_AGGRESSIVE;
				CLANG_WARN_UNREACHABLE_CODE = YES;
				CLANG_WARN__DUPLICATE_METHOD_MATCH = YES;
				COPY_PHASE_STRIP = NO;
				DEBUG_INFORMATION_FORMAT = "dwarf-with-dsym";
				ENABLE_NS_ASSERTIONS = NO;
				ENABLE_STRICT_OBJC_MSGSEND = YES;
				ENABLE_USER_SCRIPT_SANDBOXING = YES;
				GCC_C_LANGUAGE_STANDARD = gnu17;
				GCC_NO_COMMON_BLOCKS = YES;
				GCC_WARN_64_TO_32_BIT_CONVERSION = YES;
				GCC_WARN_ABOUT_RETURN_TYPE = YES_ERROR;
				GCC_WARN_UNDECLARED_SELECTOR = YES;
				GCC_WARN_UNINITIALIZED_AUTOS = YES_AGGRESSIVE;
				GCC_WARN_UNUSED_FUNCTION = YES;
				GCC_WARN_UNUSED_VARIABLE = YES;
				IPHONEOS_DEPLOYMENT_TARGET = 17.5;
				LOCALIZATION_PREFERS_STRING_CATALOGS = YES;
				MTL_ENABLE_DEBUG_INFO = NO;
				MTL_FAST_MATH = YES;
				SDKROOT = iphoneos;
				SWIFT_COMPILATION_MODE = wholemodule;
				VALIDATE_PRODUCT = YES;
			};
			name = Release;
		};
		8C68A3932C7F3B2500AC5F38 /* Debug */ = {
			isa = XCBuildConfiguration;
			buildSettings = {
				ASSETCATALOG_COMPILER_APPICON_NAME = AppIcon;
				ASSETCATALOG_COMPILER_GLOBAL_ACCENT_COLOR_NAME = AccentColor;
				CODE_SIGN_STYLE = Automatic;
				CURRENT_PROJECT_VERSION = 1;
				DEVELOPMENT_TEAM = 77D5777VTL;
				GENERATE_INFOPLIST_FILE = YES;
				INFOPLIST_FILE = KisilerUygulamasi/Info.plist;
				INFOPLIST_KEY_UIApplicationSupportsIndirectInputEvents = YES;
				INFOPLIST_KEY_UILaunchStoryboardName = LaunchScreen;
				INFOPLIST_KEY_UIMainStoryboardFile = Main;
				INFOPLIST_KEY_UISupportedInterfaceOrientations_iPad = "UIInterfaceOrientationPortrait UIInterfaceOrientationPortraitUpsideDown UIInterfaceOrientationLandscapeLeft UIInterfaceOrientationLandscapeRight";
				INFOPLIST_KEY_UISupportedInterfaceOrientations_iPhone = "UIInterfaceOrientationPortrait UIInterfaceOrientationLandscapeLeft UIInterfaceOrientationLandscapeRight";
				LD_RUNPATH_SEARCH_PATHS = (
					"$(inherited)",
					"@executable_path/Frameworks",
				);
				MARKETING_VERSION = 1.0;
				PRODUCT_BUNDLE_IDENTIFIER = com.cerenacay.KisilerUygulamasi;
				PRODUCT_NAME = "$(TARGET_NAME)";
				SWIFT_EMIT_LOC_STRINGS = YES;
				SWIFT_VERSION = 5.0;
				TARGETED_DEVICE_FAMILY = "1,2";
			};
			name = Debug;
		};
		8C68A3942C7F3B2500AC5F38 /* Release */ = {
			isa = XCBuildConfiguration;
			buildSettings = {
				ASSETCATALOG_COMPILER_APPICON_NAME = AppIcon;
				ASSETCATALOG_COMPILER_GLOBAL_ACCENT_COLOR_NAME = AccentColor;
				CODE_SIGN_STYLE = Automatic;
				CURRENT_PROJECT_VERSION = 1;
				DEVELOPMENT_TEAM = 77D5777VTL;
				GENERATE_INFOPLIST_FILE = YES;
				INFOPLIST_FILE = KisilerUygulamasi/Info.plist;
				INFOPLIST_KEY_UIApplicationSupportsIndirectInputEvents = YES;
				INFOPLIST_KEY_UILaunchStoryboardName = LaunchScreen;
				INFOPLIST_KEY_UIMainStoryboardFile = Main;
				INFOPLIST_KEY_UISupportedInterfaceOrientations_iPad = "UIInterfaceOrientationPortrait UIInterfaceOrientationPortraitUpsideDown UIInterfaceOrientationLandscapeLeft UIInterfaceOrientationLandscapeRight";
				INFOPLIST_KEY_UISupportedInterfaceOrientations_iPhone = "UIInterfaceOrientationPortrait UIInterfaceOrientationLandscapeLeft UIInterfaceOrientationLandscapeRight";
				LD_RUNPATH_SEARCH_PATHS = (
					"$(inherited)",
					"@executable_path/Frameworks",
				);
				MARKETING_VERSION = 1.0;
				PRODUCT_BUNDLE_IDENTIFIER = com.cerenacay.KisilerUygulamasi;
				PRODUCT_NAME = "$(TARGET_NAME)";
				SWIFT_EMIT_LOC_STRINGS = YES;
				SWIFT_VERSION = 5.0;
				TARGETED_DEVICE_FAMILY = "1,2";
			};
			name = Release;
		};
/* End XCBuildConfiguration section */

/* Begin XCConfigurationList section */
		8C68A3792C7F3B2300AC5F38 /* Build configuration list for PBXProject "KisilerUygulamasi" */ = {
			isa = XCConfigurationList;
			buildConfigurations = (
				8C68A3902C7F3B2500AC5F38 /* Debug */,
				8C68A3912C7F3B2500AC5F38 /* Release */,
			);
			defaultConfigurationIsVisible = 0;
			defaultConfigurationName = Release;
		};
		8C68A3922C7F3B2500AC5F38 /* Build configuration list for PBXNativeTarget "KisilerUygulamasi" */ = {
			isa = XCConfigurationList;
			buildConfigurations = (
				8C68A3932C7F3B2500AC5F38 /* Debug */,
				8C68A3942C7F3B2500AC5F38 /* Release */,
			);
			defaultConfigurationIsVisible = 0;
			defaultConfigurationName = Release;
		};
/* End XCConfigurationList section */
	};
	rootObject = 8C68A3762C7F3B2300AC5F38 /* Project object */;
}
