// !$*UTF8*$!
{
	archiveVersion = 1;
	classes = {
	};
	objectVersion = 56;
	objects = {

/* Begin PBXBuildFile section */
		8C68A44D2C82329F00AC5F38 /* AppDelegate.swift in Sources */ = {isa = PBXBuildFile; fileRef = 8C68A44C2C82329F00AC5F38 /* AppDelegate.swift */; };
		8C68A44F2C82329F00AC5F38 /* SceneDelegate.swift in Sources */ = {isa = PBXBuildFile; fileRef = 8C68A44E2C82329F00AC5F38 /* SceneDelegate.swift */; };
		8C68A4512C82329F00AC5F38 /* Anasayfa.swift in Sources */ = {isa = PBXBuildFile; fileRef = 8C68A4502C82329F00AC5F38 /* Anasayfa.swift */; };
		8C68A4542C82329F00AC5F38 /* Base in Resources */ = {isa = PBXBuildFile; fileRef = 8C68A4532C82329F00AC5F38 /* Base */; };
		8C68A4562C8232A000AC5F38 /* Assets.xcassets in Resources */ = {isa = PBXBuildFile; fileRef = 8C68A4552C8232A000AC5F38 /* Assets.xcassets */; };
		8C68A4592C8232A000AC5F38 /* Base in Resources */ = {isa = PBXBuildFile; fileRef = 8C68A4582C8232A000AC5F38 /* Base */; };
		8C68A4662C8233D500AC5F38 /* Filmler.swift in Sources */ = {isa = PBXBuildFile; fileRef = 8C68A4652C8233D500AC5F38 /* Filmler.swift */; };
		8C68A4682C8234DC00AC5F38 /* DetaySayfa.swift in Sources */ = {isa = PBXBuildFile; fileRef = 8C68A4672C8234DC00AC5F38 /* DetaySayfa.swift */; };
		8C68A46A2C8236BC00AC5F38 /* FilmlerHucre.swift in Sources */ = {isa = PBXBuildFile; fileRef = 8C68A4692C8236BC00AC5F38 /* FilmlerHucre.swift */; };
/* End PBXBuildFile section */

/* Begin PBXFileReference section */
		8C68A4492C82329F00AC5F38 /* FilmlerApp.app */ = {isa = PBXFileReference; explicitFileType = wrapper.application; includeInIndex = 0; path = FilmlerApp.app; sourceTree = BUILT_PRODUCTS_DIR; };
		8C68A44C2C82329F00AC5F38 /* AppDelegate.swift */ = {isa = PBXFileReference; lastKnownFileType = sourcecode.swift; path = AppDelegate.swift; sourceTree = "<group>"; };
		8C68A44E2C82329F00AC5F38 /* SceneDelegate.swift */ = {isa = PBXFileReference; lastKnownFileType = sourcecode.swift; path = SceneDelegate.swift; sourceTree = "<group>"; };
		8C68A4502C82329F00AC5F38 /* Anasayfa.swift */ = {isa = PBXFileReference; lastKnownFileType = sourcecode.swift; path = Anasayfa.swift; sourceTree = "<group>"; };
		8C68A4532C82329F00AC5F38 /* Base */ = {isa = PBXFileReference; lastKnownFileType = file.storyboard; name = Base; path = Base.lproj/Main.storyboard; sourceTree = "<group>"; };
		8C68A4552C8232A000AC5F38 /* Assets.xcassets */ = {isa = PBXFileReference; lastKnownFileType = folder.assetcatalog; path = Assets.xcassets; sourceTree = "<group>"; };
		8C68A4582C8232A000AC5F38 /* Base */ = {isa = PBXFileReference; lastKnownFileType = file.storyboard; name = Base; path = Base.lproj/LaunchScreen.storyboard; sourceTree = "<group>"; };
		8C68A45A2C8232A000AC5F38 /* Info.plist */ = {isa = PBXFileReference; lastKnownFileType = text.plist.xml; path = Info.plist; sourceTree = "<group>"; };
		8C68A4652C8233D500AC5F38 /* Filmler.swift */ = {isa = PBXFileReference; lastKnownFileType = sourcecode.swift; path = Filmler.swift; sourceTree = "<group>"; };
		8C68A4672C8234DC00AC5F38 /* DetaySayfa.swift */ = {isa = PBXFileReference; lastKnownFileType = sourcecode.swift; path = DetaySayfa.swift; sourceTree = "<group>"; };
		8C68A4692C8236BC00AC5F38 /* FilmlerHucre.swift */ = {isa = PBXFileReference; lastKnownFileType = sourcecode.swift; path = FilmlerHucre.swift; sourceTree = "<group>"; };
/* End PBXFileReference section */

/* Begin PBXFrameworksBuildPhase section */
		8C68A4462C82329F00AC5F38 /* Frameworks */ = {
			isa = PBXFrameworksBuildPhase;
			buildActionMask = 2147483647;
			files = (
			);
			runOnlyForDeploymentPostprocessing = 0;
		};
/* End PBXFrameworksBuildPhase section */

/* Begin PBXGroup section */
		8C68A4402C82329F00AC5F38 = {
			isa = PBXGroup;
			children = (
				8C68A44B2C82329F00AC5F38 /* FilmlerApp */,
				8C68A44A2C82329F00AC5F38 /* Products */,
			);
			sourceTree = "<group>";
		};
		8C68A44A2C82329F00AC5F38 /* Products */ = {
			isa = PBXGroup;
			children = (
				8C68A4492C82329F00AC5F38 /* FilmlerApp.app */,
			);
			name = Products;
			sourceTree = "<group>";
		};
		8C68A44B2C82329F00AC5F38 /* FilmlerApp */ = {
			isa = PBXGroup;
			children = (
				8C68A44C2C82329F00AC5F38 /* AppDelegate.swift */,
				8C68A44E2C82329F00AC5F38 /* SceneDelegate.swift */,
				8C68A4612C82333C00AC5F38 /* ui */,
				8C68A4602C82332C00AC5F38 /* data */,
				8C68A4522C82329F00AC5F38 /* Main.storyboard */,
				8C68A4552C8232A000AC5F38 /* Assets.xcassets */,
				8C68A4572C8232A000AC5F38 /* LaunchScreen.storyboard */,
				8C68A45A2C8232A000AC5F38 /* Info.plist */,
			);
			path = FilmlerApp;
			sourceTree = "<group>";
		};
		8C68A4602C82332C00AC5F38 /* data */ = {
			isa = PBXGroup;
			children = (
				8C68A4632C82335B00AC5F38 /* entity */,
			);
			path = data;
			sourceTree = "<group>";
		};
		8C68A4612C82333C00AC5F38 /* ui */ = {
			isa = PBXGroup;
			children = (
				8C68A4642C82336D00AC5F38 /* tableview */,
				8C68A4622C82334C00AC5F38 /* views */,
			);
			path = ui;
			sourceTree = "<group>";
		};
		8C68A4622C82334C00AC5F38 /* views */ = {
			isa = PBXGroup;
			children = (
				8C68A4502C82329F00AC5F38 /* Anasayfa.swift */,
				8C68A4672C8234DC00AC5F38 /* DetaySayfa.swift */,
			);
			path = views;
			sourceTree = "<group>";
		};
		8C68A4632C82335B00AC5F38 /* entity */ = {
			isa = PBXGroup;
			children = (
				8C68A4652C8233D500AC5F38 /* Filmler.swift */,
			);
			path = entity;
			sourceTree = "<group>";
		};
		8C68A4642C82336D00AC5F38 /* tableview */ = {
			isa = PBXGroup;
			children = (
				8C68A4692C8236BC00AC5F38 /* FilmlerHucre.swift */,
			);
			path = tableview;
			sourceTree = "<group>";
		};
/* End PBXGroup section */

/* Begin PBXNativeTarget section */
		8C68A4482C82329F00AC5F38 /* FilmlerApp */ = {
			isa = PBXNativeTarget;
			buildConfigurationList = 8C68A45D2C8232A000AC5F38 /* Build configuration list for PBXNativeTarget "FilmlerApp" */;
			buildPhases = (
				8C68A4452C82329F00AC5F38 /* Sources */,
				8C68A4462C82329F00AC5F38 /* Frameworks */,
				8C68A4472C82329F00AC5F38 /* Resources */,
			);
			buildRules = (
			);
			dependencies = (
			);
			name = FilmlerApp;
			productName = FilmlerApp;
			productReference = 8C68A4492C82329F00AC5F38 /* FilmlerApp.app */;
			productType = "com.apple.product-type.application";
		};
/* End PBXNativeTarget section */

/* Begin PBXProject section */
		8C68A4412C82329F00AC5F38 /* Project object */ = {
			isa = PBXProject;
			attributes = {
				BuildIndependentTargetsInParallel = 1;
				LastSwiftUpdateCheck = 1540;
				LastUpgradeCheck = 1540;
				TargetAttributes = {
					8C68A4482C82329F00AC5F38 = {
						CreatedOnToolsVersion = 15.4;
					};
				};
			};
			buildConfigurationList = 8C68A4442C82329F00AC5F38 /* Build configuration list for PBXProject "FilmlerApp" */;
			compatibilityVersion = "Xcode 14.0";
			developmentRegion = en;
			hasScannedForEncodings = 0;
			knownRegions = (
				en,
				Base,
			);
			mainGroup = 8C68A4402C82329F00AC5F38;
			productRefGroup = 8C68A44A2C82329F00AC5F38 /* Products */;
			projectDirPath = "";
			projectRoot = "";
			targets = (
				8C68A4482C82329F00AC5F38 /* FilmlerApp */,
			);
		};
/* End PBXProject section */

/* Begin PBXResourcesBuildPhase section */
		8C68A4472C82329F00AC5F38 /* Resources */ = {
			isa = PBXResourcesBuildPhase;
			buildActionMask = 2147483647;
			files = (
				8C68A4562C8232A000AC5F38 /* Assets.xcassets in Resources */,
				8C68A4592C8232A000AC5F38 /* Base in Resources */,
				8C68A4542C82329F00AC5F38 /* Base in Resources */,
			);
			runOnlyForDeploymentPostprocessing = 0;
		};
/* End PBXResourcesBuildPhase section */

/* Begin PBXSourcesBuildPhase section */
		8C68A4452C82329F00AC5F38 /* Sources */ = {
			isa = PBXSourcesBuildPhase;
			buildActionMask = 2147483647;
			files = (
				8C68A4512C82329F00AC5F38 /* Anasayfa.swift in Sources */,
				8C68A44D2C82329F00AC5F38 /* AppDelegate.swift in Sources */,
				8C68A44F2C82329F00AC5F38 /* SceneDelegate.swift in Sources */,
				8C68A4682C8234DC00AC5F38 /* DetaySayfa.swift in Sources */,
				8C68A4662C8233D500AC5F38 /* Filmler.swift in Sources */,
				8C68A46A2C8236BC00AC5F38 /* FilmlerHucre.swift in Sources */,
			);
			runOnlyForDeploymentPostprocessing = 0;
		};
/* End PBXSourcesBuildPhase section */

/* Begin PBXVariantGroup section */
		8C68A4522C82329F00AC5F38 /* Main.storyboard */ = {
			isa = PBXVariantGroup;
			children = (
				8C68A4532C82329F00AC5F38 /* Base */,
			);
			name = Main.storyboard;
			sourceTree = "<group>";
		};
		8C68A4572C8232A000AC5F38 /* LaunchScreen.storyboard */ = {
			isa = PBXVariantGroup;
			children = (
				8C68A4582C8232A000AC5F38 /* Base */,
			);
			name = LaunchScreen.storyboard;
			sourceTree = "<group>";
		};
/* End PBXVariantGroup section */

/* Begin XCBuildConfiguration section */
		8C68A45B2C8232A000AC5F38 /* Debug */ = {
			isa = XCBuildConfiguration;
			buildSettings = {
				ALWAYS_SEARCH_USER_PATHS = NO;
				ASSETCATALOG_COMPILER_GENERATE_SWIFT_ASSET_SYMBOL_EXTENSIONS = YES;
				CLANG_ANALYZER_NONNULL = YES;
				CLANG_ANALYZER_NUMBER_OBJECT_CONVERSION = YES_AGGRESSIVE;
				CLANG_CXX_LANGUAGE_STANDARD = "gnu++20";
				CLANG_ENABLE_MODULES = YES;
				CLANG_ENABLE_OBJC_ARC = YES;
				CLANG_ENABLE_OBJC_WEAK = YES;
				CLANG_WARN_BLOCK_CAPTURE_AUTORELEASING = YES;
				CLANG_WARN_BOOL_CONVERSION = YES;
				CLANG_WARN_COMMA = YES;
				CLANG_WARN_CONSTANT_CONVERSION = YES;
				CLANG_WARN_DEPRECATED_OBJC_IMPLEMENTATIONS = YES;
				CLANG_WARN_DIRECT_OBJC_ISA_USAGE = YES_ERROR;
				CLANG_WARN_DOCUMENTATION_COMMENTS = YES;
				CLANG_WARN_EMPTY_BODY = YES;
				CLANG_WARN_ENUM_CONVERSION = YES;
				CLANG_WARN_INFINITE_RECURSION = YES;
				CLANG_WARN_INT_CONVERSION = YES;
				CLANG_WARN_NON_LITERAL_NULL_CONVERSION = YES;
				CLANG_WARN_OBJC_IMPLICIT_RETAIN_SELF = YES;
				CLANG_WARN_OBJC_LITERAL_CONVERSION = YES;
				CLANG_WARN_OBJC_ROOT_CLASS = YES_ERROR;
				CLANG_WARN_QUOTED_INCLUDE_IN_FRAMEWORK_HEADER = YES;
				CLANG_WARN_RANGE_LOOP_ANALYSIS = YES;
				CLANG_WARN_STRICT_PROTOTYPES = YES;
				CLANG_WARN_SUSPICIOUS_MOVE = YES;
				CLANG_WARN_UNGUARDED_AVAILABILITY = YES_AGGRESSIVE;
				CLANG_WARN_UNREACHABLE_CODE = YES;
				CLANG_WARN__DUPLICATE_METHOD_MATCH = YES;
				COPY_PHASE_STRIP = NO;
				DEBUG_INFORMATION_FORMAT = dwarf;
				ENABLE_STRICT_OBJC_MSGSEND = YES;
				ENABLE_TESTABILITY = YES;
				ENABLE_USER_SCRIPT_SANDBOXING = YES;
				GCC_C_LANGUAGE_STANDARD = gnu17;
				GCC_DYNAMIC_NO_PIC = NO;
				GCC_NO_COMMON_BLOCKS = YES;
				GCC_OPTIMIZATION_LEVEL = 0;
				GCC_PREPROCESSOR_DEFINITIONS = (
					"DEBUG=1",
					"$(inherited)",
				);
				GCC_WARN_64_TO_32_BIT_CONVERSION = YES;
				GCC_WARN_ABOUT_RETURN_TYPE = YES_ERROR;
				GCC_WARN_UNDECLARED_SELECTOR = YES;
				GCC_WARN_UNINITIALIZED_AUTOS = YES_AGGRESSIVE;
				GCC_WARN_UNUSED_FUNCTION = YES;
				GCC_WARN_UNUSED_VARIABLE = YES;
				IPHONEOS_DEPLOYMENT_TARGET = 17.5;
				LOCALIZATION_PREFERS_STRING_CATALOGS = YES;
				MTL_ENABLE_DEBUG_INFO = INCLUDE_SOURCE;
				MTL_FAST_MATH = YES;
				ONLY_ACTIVE_ARCH = YES;
				SDKROOT = iphoneos;
				SWIFT_ACTIVE_COMPILATION_CONDITIONS = "DEBUG $(inherited)";
				SWIFT_OPTIMIZATION_LEVEL = "-Onone";
			};
			name = Debug;
		};
		8C68A45C2C8232A000AC5F38 /* Release */ = {
			isa = XCBuildConfiguration;
			buildSettings = {
				ALWAYS_SEARCH_USER_PATHS = NO;
				ASSETCATALOG_COMPILER_GENERATE_SWIFT_ASSET_SYMBOL_EXTENSIONS = YES;
				CLANG_ANALYZER_NONNULL = YES;
				CLANG_ANALYZER_NUMBER_OBJECT_CONVERSION = YES_AGGRESSIVE;
				CLANG_CXX_LANGUAGE_STANDARD = "gnu++20";
				CLANG_ENABLE_MODULES = YES;
				CLANG_ENABLE_OBJC_ARC = YES;
				CLANG_ENABLE_OBJC_WEAK = YES;
				CLANG_WARN_BLOCK_CAPTURE_AUTORELEASING = YES;
				CLANG_WARN_BOOL_CONVERSION = YES;
				CLANG_WARN_COMMA = YES;
				CLANG_WARN_CONSTANT_CONVERSION = YES;
				CLANG_WARN_DEPRECATED_OBJC_IMPLEMENTATIONS = YES;
				CLANG_WARN_DIRECT_OBJC_ISA_USAGE = YES_ERROR;
				CLANG_WARN_DOCUMENTATION_COMMENTS = YES;
				CLANG_WARN_EMPTY_BODY = YES;
				CLANG_WARN_ENUM_CONVERSION = YES;
				CLANG_WARN_INFINITE_RECURSION = YES;
				CLANG_WARN_INT_CONVERSION = YES;
				CLANG_WARN_NON_LITERAL_NULL_CONVERSION = YES;
				CLANG_WARN_OBJC_IMPLICIT_RETAIN_SELF = YES;
				CLANG_WARN_OBJC_LITERAL_CONVERSION = YES;
				CLANG_WARN_OBJC_ROOT_CLASS = YES_ERROR;
				CLANG_WARN_QUOTED_INCLUDE_IN_FRAMEWORK_HEADER = YES;
				CLANG_WARN_RANGE_LOOP_ANALYSIS = YES;
				CLANG_WARN_STRICT_PROTOTYPES = YES;
				CLANG_WARN_SUSPICIOUS_MOVE = YES;
				CLANG_WARN_UNGUARDED_AVAILABILITY = YES_AGGRESSIVE;
				CLANG_WARN_UNREACHABLE_CODE = YES;
				CLANG_WARN__DUPLICATE_METHOD_MATCH = YES;
				COPY_PHASE_STRIP = NO;
				DEBUG_INFORMATION_FORMAT = "dwarf-with-dsym";
				ENABLE_NS_ASSERTIONS = NO;
				ENABLE_STRICT_OBJC_MSGSEND = YES;
				ENABLE_USER_SCRIPT_SANDBOXING = YES;
				GCC_C_LANGUAGE_STANDARD = gnu17;
				GCC_NO_COMMON_BLOCKS = YES;
				GCC_WARN_64_TO_32_BIT_CONVERSION = YES;
				GCC_WARN_ABOUT_RETURN_TYPE = YES_ERROR;
				GCC_WARN_UNDECLARED_SELECTOR = YES;
				GCC_WARN_UNINITIALIZED_AUTOS = YES_AGGRESSIVE;
				GCC_WARN_UNUSED_FUNCTION = YES;
				GCC_WARN_UNUSED_VARIABLE = YES;
				IPHONEOS_DEPLOYMENT_TARGET = 17.5;
				LOCALIZATION_PREFERS_STRING_CATALOGS = YES;
				MTL_ENABLE_DEBUG_INFO = NO;
				MTL_FAST_MATH = YES;
				SDKROOT = iphoneos;
				SWIFT_COMPILATION_MODE = wholemodule;
				VALIDATE_PRODUCT = YES;
			};
			name = Release;
		};
		8C68A45E2C8232A000AC5F38 /* Debug */ = {
			isa = XCBuildConfiguration;
			buildSettings = {
				ASSETCATALOG_COMPILER_APPICON_NAME = AppIcon;
				ASSETCATALOG_COMPILER_GLOBAL_ACCENT_COLOR_NAME = AccentColor;
				CODE_SIGN_STYLE = Automatic;
				CURRENT_PROJECT_VERSION = 1;
				DEVELOPMENT_TEAM = 77D5777VTL;
				GENERATE_INFOPLIST_FILE = YES;
				INFOPLIST_FILE = FilmlerApp/Info.plist;
				INFOPLIST_KEY_UIApplicationSupportsIndirectInputEvents = YES;
				INFOPLIST_KEY_UILaunchStoryboardName = LaunchScreen;
				INFOPLIST_KEY_UIMainStoryboardFile = Main;
				INFOPLIST_KEY_UISupportedInterfaceOrientations_iPad = "UIInterfaceOrientationPortrait UIInterfaceOrientationPortraitUpsideDown UIInterfaceOrientationLandscapeLeft UIInterfaceOrientationLandscapeRight";
				INFOPLIST_KEY_UISupportedInterfaceOrientations_iPhone = "UIInterfaceOrientationPortrait UIInterfaceOrientationLandscapeLeft UIInterfaceOrientationLandscapeRight";
				LD_RUNPATH_SEARCH_PATHS = (
					"$(inherited)",
					"@executable_path/Frameworks",
				);
				MARKETING_VERSION = 1.0;
				PRODUCT_BUNDLE_IDENTIFIER = com.cerenacay.FilmlerApp;
				PRODUCT_NAME = "$(TARGET_NAME)";
				SWIFT_EMIT_LOC_STRINGS = YES;
				SWIFT_VERSION = 5.0;
				TARGETED_DEVICE_FAMILY = "1,2";
			};
			name = Debug;
		};
		8C68A45F2C8232A000AC5F38 /* Release */ = {
			isa = XCBuildConfiguration;
			buildSettings = {
				ASSETCATALOG_COMPILER_APPICON_NAME = AppIcon;
				ASSETCATALOG_COMPILER_GLOBAL_ACCENT_COLOR_NAME = AccentColor;
				CODE_SIGN_STYLE = Automatic;
				CURRENT_PROJECT_VERSION = 1;
				DEVELOPMENT_TEAM = 77D5777VTL;
				GENERATE_INFOPLIST_FILE = YES;
				INFOPLIST_FILE = FilmlerApp/Info.plist;
				INFOPLIST_KEY_UIApplicationSupportsIndirectInputEvents = YES;
				INFOPLIST_KEY_UILaunchStoryboardName = LaunchScreen;
				INFOPLIST_KEY_UIMainStoryboardFile = Main;
				INFOPLIST_KEY_UISupportedInterfaceOrientations_iPad = "UIInterfaceOrientationPortrait UIInterfaceOrientationPortraitUpsideDown UIInterfaceOrientationLandscapeLeft UIInterfaceOrientationLandscapeRight";
				INFOPLIST_KEY_UISupportedInterfaceOrientations_iPhone = "UIInterfaceOrientationPortrait UIInterfaceOrientationLandscapeLeft UIInterfaceOrientationLandscapeRight";
				LD_RUNPATH_SEARCH_PATHS = (
					"$(inherited)",
					"@executable_path/Frameworks",
				);
				MARKETING_VERSION = 1.0;
				PRODUCT_BUNDLE_IDENTIFIER = com.cerenacay.FilmlerApp;
				PRODUCT_NAME = "$(TARGET_NAME)";
				SWIFT_EMIT_LOC_STRINGS = YES;
				SWIFT_VERSION = 5.0;
				TARGETED_DEVICE_FAMILY = "1,2";
			};
			name = Release;
		};
/* End XCBuildConfiguration section */

/* Begin XCConfigurationList section */
		8C68A4442C82329F00AC5F38 /* Build configuration list for PBXProject "FilmlerApp" */ = {
			isa = XCConfigurationList;
			buildConfigurations = (
				8C68A45B2C8232A000AC5F38 /* Debug */,
				8C68A45C2C8232A000AC5F38 /* Release */,
			);
			defaultConfigurationIsVisible = 0;
			defaultConfigurationName = Release;
		};
		8C68A45D2C8232A000AC5F38 /* Build configuration list for PBXNativeTarget "FilmlerApp" */ = {
			isa = XCConfigurationList;
			buildConfigurations = (
				8C68A45E2C8232A000AC5F38 /* Debug */,
				8C68A45F2C8232A000AC5F38 /* Release */,
			);
			defaultConfigurationIsVisible = 0;
			defaultConfigurationName = Release;
		};
/* End XCConfigurationList section */
	};
	rootObject = 8C68A4412C82329F00AC5F38 /* Project object */;
}
