// !$*UTF8*$!
{
	archiveVersion = 1;
	classes = {
	};
	objectVersion = 56;
	objects = {

/* Begin PBXBuildFile section */
		799C7E182A84E9E00099098C /* AppDelegate.swift in Sources */ = {isa = PBXBuildFile; fileRef = 799C7E172A84E9E00099098C /* AppDelegate.swift */; };
		799C7E1A2A84E9E00099098C /* SceneDelegate.swift in Sources */ = {isa = PBXBuildFile; fileRef = 799C7E192A84E9E00099098C /* SceneDelegate.swift */; };
		799C7E1C2A84E9E00099098C /* ViewController.swift in Sources */ = {isa = PBXBuildFile; fileRef = 799C7E1B2A84E9E00099098C /* ViewController.swift */; };
		799C7E1F2A84E9E00099098C /* Main.storyboard in Resources */ = {isa = PBXBuildFile; fileRef = 799C7E1D2A84E9E00099098C /* Main.storyboard */; };
		799C7E212A84E9E10099098C /* Assets.xcassets in Resources */ = {isa = PBXBuildFile; fileRef = 799C7E202A84E9E10099098C /* Assets.xcassets */; };
		799C7E242A84E9E10099098C /* LaunchScreen.storyboard in Resources */ = {isa = PBXBuildFile; fileRef = 799C7E222A84E9E10099098C /* LaunchScreen.storyboard */; };
		799C7E2D2A84EA5C0099098C /* CoreLocation.framework in Frameworks */ = {isa = PBXBuildFile; fileRef = 799C7E2C2A84EA5C0099098C /* CoreLocation.framework */; };
		799C7E2F2A84EC7A0099098C /* MapKit.framework in Frameworks */ = {isa = PBXBuildFile; fileRef = 799C7E2E2A84EC790099098C /* MapKit.framework */; };
/* End PBXBuildFile section */

/* Begin PBXFileReference section */
		799C7E142A84E9E00099098C /* LokasyonKullanimi.app */ = {isa = PBXFileReference; explicitFileType = wrapper.application; includeInIndex = 0; path = LokasyonKullanimi.app; sourceTree = BUILT_PRODUCTS_DIR; };
		799C7E172A84E9E00099098C /* AppDelegate.swift */ = {isa = PBXFileReference; lastKnownFileType = sourcecode.swift; path = AppDelegate.swift; sourceTree = "<group>"; };
		799C7E192A84E9E00099098C /* SceneDelegate.swift */ = {isa = PBXFileReference; lastKnownFileType = sourcecode.swift; path = SceneDelegate.swift; sourceTree = "<group>"; };
		799C7E1B2A84E9E00099098C /* ViewController.swift */ = {isa = PBXFileReference; lastKnownFileType = sourcecode.swift; path = ViewController.swift; sourceTree = "<group>"; };
		799C7E1E2A84E9E00099098C /* Base */ = {isa = PBXFileReference; lastKnownFileType = file.storyboard; name = Base; path = Base.lproj/Main.storyboard; sourceTree = "<group>"; };
		799C7E202A84E9E10099098C /* Assets.xcassets */ = {isa = PBXFileReference; lastKnownFileType = folder.assetcatalog; path = Assets.xcassets; sourceTree = "<group>"; };
		799C7E232A84E9E10099098C /* Base */ = {isa = PBXFileReference; lastKnownFileType = file.storyboard; name = Base; path = Base.lproj/LaunchScreen.storyboard; sourceTree = "<group>"; };
		799C7E252A84E9E10099098C /* Info.plist */ = {isa = PBXFileReference; lastKnownFileType = text.plist.xml; path = Info.plist; sourceTree = "<group>"; };
		799C7E2C2A84EA5C0099098C /* CoreLocation.framework */ = {isa = PBXFileReference; lastKnownFileType = wrapper.framework; name = CoreLocation.framework; path = System/Library/Frameworks/CoreLocation.framework; sourceTree = SDKROOT; };
		799C7E2E2A84EC790099098C /* MapKit.framework */ = {isa = PBXFileReference; lastKnownFileType = wrapper.framework; name = MapKit.framework; path = System/Library/Frameworks/MapKit.framework; sourceTree = SDKROOT; };
/* End PBXFileReference section */

/* Begin PBXFrameworksBuildPhase section */
		799C7E112A84E9E00099098C /* Frameworks */ = {
			isa = PBXFrameworksBuildPhase;
			buildActionMask = 2147483647;
			files = (
				799C7E2F2A84EC7A0099098C /* MapKit.framework in Frameworks */,
				799C7E2D2A84EA5C0099098C /* CoreLocation.framework in Frameworks */,
			);
			runOnlyForDeploymentPostprocessing = 0;
		};
/* End PBXFrameworksBuildPhase section */

/* Begin PBXGroup section */
		799C7E0B2A84E9E00099098C = {
			isa = PBXGroup;
			children = (
				799C7E162A84E9E00099098C /* LokasyonKullanimi */,
				799C7E152A84E9E00099098C /* Products */,
				799C7E2B2A84EA5B0099098C /* Frameworks */,
			);
			sourceTree = "<group>";
		};
		799C7E152A84E9E00099098C /* Products */ = {
			isa = PBXGroup;
			children = (
				799C7E142A84E9E00099098C /* LokasyonKullanimi.app */,
			);
			name = Products;
			sourceTree = "<group>";
		};
		799C7E162A84E9E00099098C /* LokasyonKullanimi */ = {
			isa = PBXGroup;
			children = (
				799C7E172A84E9E00099098C /* AppDelegate.swift */,
				799C7E192A84E9E00099098C /* SceneDelegate.swift */,
				799C7E1B2A84E9E00099098C /* ViewController.swift */,
				799C7E1D2A84E9E00099098C /* Main.storyboard */,
				799C7E202A84E9E10099098C /* Assets.xcassets */,
				799C7E222A84E9E10099098C /* LaunchScreen.storyboard */,
				799C7E252A84E9E10099098C /* Info.plist */,
			);
			path = LokasyonKullanimi;
			sourceTree = "<group>";
		};
		799C7E2B2A84EA5B0099098C /* Frameworks */ = {
			isa = PBXGroup;
			children = (
				799C7E2E2A84EC790099098C /* MapKit.framework */,
				799C7E2C2A84EA5C0099098C /* CoreLocation.framework */,
			);
			name = Frameworks;
			sourceTree = "<group>";
		};
/* End PBXGroup section */

/* Begin PBXNativeTarget section */
		799C7E132A84E9E00099098C /* LokasyonKullanimi */ = {
			isa = PBXNativeTarget;
			buildConfigurationList = 799C7E282A84E9E10099098C /* Build configuration list for PBXNativeTarget "LokasyonKullanimi" */;
			buildPhases = (
				799C7E102A84E9E00099098C /* Sources */,
				799C7E112A84E9E00099098C /* Frameworks */,
				799C7E122A84E9E00099098C /* Resources */,
			);
			buildRules = (
			);
			dependencies = (
			);
			name = LokasyonKullanimi;
			productName = LokasyonKullanimi;
			productReference = 799C7E142A84E9E00099098C /* LokasyonKullanimi.app */;
			productType = "com.apple.product-type.application";
		};
/* End PBXNativeTarget section */

/* Begin PBXProject section */
		799C7E0C2A84E9E00099098C /* Project object */ = {
			isa = PBXProject;
			attributes = {
				BuildIndependentTargetsInParallel = 1;
				LastSwiftUpdateCheck = 1420;
				LastUpgradeCheck = 1420;
				TargetAttributes = {
					799C7E132A84E9E00099098C = {
						CreatedOnToolsVersion = 14.2;
					};
				};
			};
			buildConfigurationList = 799C7E0F2A84E9E00099098C /* Build configuration list for PBXProject "LokasyonKullanimi" */;
			compatibilityVersion = "Xcode 14.0";
			developmentRegion = en;
			hasScannedForEncodings = 0;
			knownRegions = (
				en,
				Base,
			);
			mainGroup = 799C7E0B2A84E9E00099098C;
			productRefGroup = 799C7E152A84E9E00099098C /* Products */;
			projectDirPath = "";
			projectRoot = "";
			targets = (
				799C7E132A84E9E00099098C /* LokasyonKullanimi */,
			);
		};
/* End PBXProject section */

/* Begin PBXResourcesBuildPhase section */
		799C7E122A84E9E00099098C /* Resources */ = {
			isa = PBXResourcesBuildPhase;
			buildActionMask = 2147483647;
			files = (
				799C7E242A84E9E10099098C /* LaunchScreen.storyboard in Resources */,
				799C7E212A84E9E10099098C /* Assets.xcassets in Resources */,
				799C7E1F2A84E9E00099098C /* Main.storyboard in Resources */,
			);
			runOnlyForDeploymentPostprocessing = 0;
		};
/* End PBXResourcesBuildPhase section */

/* Begin PBXSourcesBuildPhase section */
		799C7E102A84E9E00099098C /* Sources */ = {
			isa = PBXSourcesBuildPhase;
			buildActionMask = 2147483647;
			files = (
				799C7E1C2A84E9E00099098C /* ViewController.swift in Sources */,
				799C7E182A84E9E00099098C /* AppDelegate.swift in Sources */,
				799C7E1A2A84E9E00099098C /* SceneDelegate.swift in Sources */,
			);
			runOnlyForDeploymentPostprocessing = 0;
		};
/* End PBXSourcesBuildPhase section */

/* Begin PBXVariantGroup section */
		799C7E1D2A84E9E00099098C /* Main.storyboard */ = {
			isa = PBXVariantGroup;
			children = (
				799C7E1E2A84E9E00099098C /* Base */,
			);
			name = Main.storyboard;
			sourceTree = "<group>";
		};
		799C7E222A84E9E10099098C /* LaunchScreen.storyboard */ = {
			isa = PBXVariantGroup;
			children = (
				799C7E232A84E9E10099098C /* Base */,
			);
			name = LaunchScreen.storyboard;
			sourceTree = "<group>";
		};
/* End PBXVariantGroup section */

/* Begin XCBuildConfiguration section */
		799C7E262A84E9E10099098C /* Debug */ = {
			isa = XCBuildConfiguration;
			buildSettings = {
				ALWAYS_SEARCH_USER_PATHS = NO;
				CLANG_ANALYZER_NONNULL = YES;
				CLANG_ANALYZER_NUMBER_OBJECT_CONVERSION = YES_AGGRESSIVE;
				CLANG_CXX_LANGUAGE_STANDARD = "gnu++20";
				CLANG_ENABLE_MODULES = YES;
				CLANG_ENABLE_OBJC_ARC = YES;
				CLANG_ENABLE_OBJC_WEAK = YES;
				CLANG_WARN_BLOCK_CAPTURE_AUTORELEASING = YES;
				CLANG_WARN_BOOL_CONVERSION = YES;
				CLANG_WARN_COMMA = YES;
				CLANG_WARN_CONSTANT_CONVERSION = YES;
				CLANG_WARN_DEPRECATED_OBJC_IMPLEMENTATIONS = YES;
				CLANG_WARN_DIRECT_OBJC_ISA_USAGE = YES_ERROR;
				CLANG_WARN_DOCUMENTATION_COMMENTS = YES;
				CLANG_WARN_EMPTY_BODY = YES;
				CLANG_WARN_ENUM_CONVERSION = YES;
				CLANG_WARN_INFINITE_RECURSION = YES;
				CLANG_WARN_INT_CONVERSION = YES;
				CLANG_WARN_NON_LITERAL_NULL_CONVERSION = YES;
				CLANG_WARN_OBJC_IMPLICIT_RETAIN_SELF = YES;
				CLANG_WARN_OBJC_LITERAL_CONVERSION = YES;
				CLANG_WARN_OBJC_ROOT_CLASS = YES_ERROR;
				CLANG_WARN_QUOTED_INCLUDE_IN_FRAMEWORK_HEADER = YES;
				CLANG_WARN_RANGE_LOOP_ANALYSIS = YES;
				CLANG_WARN_STRICT_PROTOTYPES = YES;
				CLANG_WARN_SUSPICIOUS_MOVE = YES;
				CLANG_WARN_UNGUARDED_AVAILABILITY = YES_AGGRESSIVE;
				CLANG_WARN_UNREACHABLE_CODE = YES;
				CLANG_WARN__DUPLICATE_METHOD_MATCH = YES;
				COPY_PHASE_STRIP = NO;
				DEBUG_INFORMATION_FORMAT = dwarf;
				ENABLE_STRICT_OBJC_MSGSEND = YES;
				ENABLE_TESTABILITY = YES;
				GCC_C_LANGUAGE_STANDARD = gnu11;
				GCC_DYNAMIC_NO_PIC = NO;
				GCC_NO_COMMON_BLOCKS = YES;
				GCC_OPTIMIZATION_LEVEL = 0;
				GCC_PREPROCESSOR_DEFINITIONS = (
					"DEBUG=1",
					"$(inherited)",
				);
				GCC_WARN_64_TO_32_BIT_CONVERSION = YES;
				GCC_WARN_ABOUT_RETURN_TYPE = YES_ERROR;
				GCC_WARN_UNDECLARED_SELECTOR = YES;
				GCC_WARN_UNINITIALIZED_AUTOS = YES_AGGRESSIVE;
				GCC_WARN_UNUSED_FUNCTION = YES;
				GCC_WARN_UNUSED_VARIABLE = YES;
				IPHONEOS_DEPLOYMENT_TARGET = 16.2;
				MTL_ENABLE_DEBUG_INFO = INCLUDE_SOURCE;
				MTL_FAST_MATH = YES;
				ONLY_ACTIVE_ARCH = YES;
				SDKROOT = iphoneos;
				SWIFT_ACTIVE_COMPILATION_CONDITIONS = DEBUG;
				SWIFT_OPTIMIZATION_LEVEL = "-Onone";
			};
			name = Debug;
		};
		799C7E272A84E9E10099098C /* Release */ = {
			isa = XCBuildConfiguration;
			buildSettings = {
				ALWAYS_SEARCH_USER_PATHS = NO;
				CLANG_ANALYZER_NONNULL = YES;
				CLANG_ANALYZER_NUMBER_OBJECT_CONVERSION = YES_AGGRESSIVE;
				CLANG_CXX_LANGUAGE_STANDARD = "gnu++20";
				CLANG_ENABLE_MODULES = YES;
				CLANG_ENABLE_OBJC_ARC = YES;
				CLANG_ENABLE_OBJC_WEAK = YES;
				CLANG_WARN_BLOCK_CAPTURE_AUTORELEASING = YES;
				CLANG_WARN_BOOL_CONVERSION = YES;
				CLANG_WARN_COMMA = YES;
				CLANG_WARN_CONSTANT_CONVERSION = YES;
				CLANG_WARN_DEPRECATED_OBJC_IMPLEMENTATIONS = YES;
				CLANG_WARN_DIRECT_OBJC_ISA_USAGE = YES_ERROR;
				CLANG_WARN_DOCUMENTATION_COMMENTS = YES;
				CLANG_WARN_EMPTY_BODY = YES;
				CLANG_WARN_ENUM_CONVERSION = YES;
				CLANG_WARN_INFINITE_RECURSION = YES;
				CLANG_WARN_INT_CONVERSION = YES;
				CLANG_WARN_NON_LITERAL_NULL_CONVERSION = YES;
				CLANG_WARN_OBJC_IMPLICIT_RETAIN_SELF = YES;
				CLANG_WARN_OBJC_LITERAL_CONVERSION = YES;
				CLANG_WARN_OBJC_ROOT_CLASS = YES_ERROR;
				CLANG_WARN_QUOTED_INCLUDE_IN_FRAMEWORK_HEADER = YES;
				CLANG_WARN_RANGE_LOOP_ANALYSIS = YES;
				CLANG_WARN_STRICT_PROTOTYPES = YES;
				CLANG_WARN_SUSPICIOUS_MOVE = YES;
				CLANG_WARN_UNGUARDED_AVAILABILITY = YES_AGGRESSIVE;
				CLANG_WARN_UNREACHABLE_CODE = YES;
				CLANG_WARN__DUPLICATE_METHOD_MATCH = YES;
				COPY_PHASE_STRIP = NO;
				DEBUG_INFORMATION_FORMAT = "dwarf-with-dsym";
				ENABLE_NS_ASSERTIONS = NO;
				ENABLE_STRICT_OBJC_MSGSEND = YES;
				GCC_C_LANGUAGE_STANDARD = gnu11;
				GCC_NO_COMMON_BLOCKS = YES;
				GCC_WARN_64_TO_32_BIT_CONVERSION = YES;
				GCC_WARN_ABOUT_RETURN_TYPE = YES_ERROR;
				GCC_WARN_UNDECLARED_SELECTOR = YES;
				GCC_WARN_UNINITIALIZED_AUTOS = YES_AGGRESSIVE;
				GCC_WARN_UNUSED_FUNCTION = YES;
				GCC_WARN_UNUSED_VARIABLE = YES;
				IPHONEOS_DEPLOYMENT_TARGET = 16.2;
				MTL_ENABLE_DEBUG_INFO = NO;
				MTL_FAST_MATH = YES;
				SDKROOT = iphoneos;
				SWIFT_COMPILATION_MODE = wholemodule;
				SWIFT_OPTIMIZATION_LEVEL = "-O";
				VALIDATE_PRODUCT = YES;
			};
			name = Release;
		};
		799C7E292A84E9E10099098C /* Debug */ = {
			isa = XCBuildConfiguration;
			buildSettings = {
				ASSETCATALOG_COMPILER_APPICON_NAME = AppIcon;
				ASSETCATALOG_COMPILER_GLOBAL_ACCENT_COLOR_NAME = AccentColor;
				CODE_SIGN_STYLE = Automatic;
				CURRENT_PROJECT_VERSION = 1;
				GENERATE_INFOPLIST_FILE = YES;
				INFOPLIST_FILE = LokasyonKullanimi/Info.plist;
				INFOPLIST_KEY_NSLocationWhenInUseUsageDescription = "Konum İzni";
				INFOPLIST_KEY_UIApplicationSupportsIndirectInputEvents = YES;
				INFOPLIST_KEY_UILaunchStoryboardName = LaunchScreen;
				INFOPLIST_KEY_UIMainStoryboardFile = Main;
				INFOPLIST_KEY_UISupportedInterfaceOrientations_iPad = "UIInterfaceOrientationPortrait UIInterfaceOrientationPortraitUpsideDown UIInterfaceOrientationLandscapeLeft UIInterfaceOrientationLandscapeRight";
				INFOPLIST_KEY_UISupportedInterfaceOrientations_iPhone = "UIInterfaceOrientationPortrait UIInterfaceOrientationLandscapeLeft UIInterfaceOrientationLandscapeRight";
				LD_RUNPATH_SEARCH_PATHS = (
					"$(inherited)",
					"@executable_path/Frameworks",
				);
				MARKETING_VERSION = 1.0;
				PRODUCT_BUNDLE_IDENTIFIER = com.info.LokasyonKullanimi;
				PRODUCT_NAME = "$(TARGET_NAME)";
				SWIFT_EMIT_LOC_STRINGS = YES;
				SWIFT_VERSION = 5.0;
				TARGETED_DEVICE_FAMILY = "1,2";
			};
			name = Debug;
		};
		799C7E2A2A84E9E10099098C /* Release */ = {
			isa = XCBuildConfiguration;
			buildSettings = {
				ASSETCATALOG_COMPILER_APPICON_NAME = AppIcon;
				ASSETCATALOG_COMPILER_GLOBAL_ACCENT_COLOR_NAME = AccentColor;
				CODE_SIGN_STYLE = Automatic;
				CURRENT_PROJECT_VERSION = 1;
				GENERATE_INFOPLIST_FILE = YES;
				INFOPLIST_FILE = LokasyonKullanimi/Info.plist;
				INFOPLIST_KEY_NSLocationWhenInUseUsageDescription = "Konum İzni";
				INFOPLIST_KEY_UIApplicationSupportsIndirectInputEvents = YES;
				INFOPLIST_KEY_UILaunchStoryboardName = LaunchScreen;
				INFOPLIST_KEY_UIMainStoryboardFile = Main;
				INFOPLIST_KEY_UISupportedInterfaceOrientations_iPad = "UIInterfaceOrientationPortrait UIInterfaceOrientationPortraitUpsideDown UIInterfaceOrientationLandscapeLeft UIInterfaceOrientationLandscapeRight";
				INFOPLIST_KEY_UISupportedInterfaceOrientations_iPhone = "UIInterfaceOrientationPortrait UIInterfaceOrientationLandscapeLeft UIInterfaceOrientationLandscapeRight";
				LD_RUNPATH_SEARCH_PATHS = (
					"$(inherited)",
					"@executable_path/Frameworks",
				);
				MARKETING_VERSION = 1.0;
				PRODUCT_BUNDLE_IDENTIFIER = com.info.LokasyonKullanimi;
				PRODUCT_NAME = "$(TARGET_NAME)";
				SWIFT_EMIT_LOC_STRINGS = YES;
				SWIFT_VERSION = 5.0;
				TARGETED_DEVICE_FAMILY = "1,2";
			};
			name = Release;
		};
/* End XCBuildConfiguration section */

/* Begin XCConfigurationList section */
		799C7E0F2A84E9E00099098C /* Build configuration list for PBXProject "LokasyonKullanimi" */ = {
			isa = XCConfigurationList;
			buildConfigurations = (
				799C7E262A84E9E10099098C /* Debug */,
				799C7E272A84E9E10099098C /* Release */,
			);
			defaultConfigurationIsVisible = 0;
			defaultConfigurationName = Release;
		};
		799C7E282A84E9E10099098C /* Build configuration list for PBXNativeTarget "LokasyonKullanimi" */ = {
			isa = XCConfigurationList;
			buildConfigurations = (
				799C7E292A84E9E10099098C /* Debug */,
				799C7E2A2A84E9E10099098C /* Release */,
			);
			defaultConfigurationIsVisible = 0;
			defaultConfigurationName = Release;
		};
/* End XCConfigurationList section */
	};
	rootObject = 799C7E0C2A84E9E00099098C /* Project object */;
}
