{
  "pins" : [
    {
      "identity" : "kingfisher",
      "kind" : "remoteSourceControl",
      "location" : "https://github.com/onevcat/Kingfisher.git",
      "state" : {
        "branch" : "master",
        "revision" : "eb3926b3a32c2dc986cc5af7fd64ebbddd376668"
      }
    }
  ],
  "version" : 2
}
