{
  "pins" : [
    {
      "identity" : "alamofire",
      "kind" : "remoteSourceControl",
      "location" : "https://github.com/Alamofire/Alamofire.git",
      "state" : {
        "branch" : "master",
        "revision" : "9f828f62e24bd0cf550816057f614be21c3ae5ea"
      }
    },
    {
      "identity" : "rxswift",
      "kind" : "remoteSourceControl",
      "location" : "https://github.com/ReactiveX/RxSwift.git",
      "state" : {
        "branch" : "main",
        "revision" : "2ff073fc1b9c600ac9b54734aff3348110437c19"
      }
    }
  ],
  "version" : 2
}
